
Microsoft Visual Studio Solution File, Format Version 12.00
# Visual Studio Version 16
VisualStudioVersion = 16.0.31229.75
MinimumVisualStudioVersion = 10.0.40219.1
Project("{FAE04EC0-301F-11D3-BF4B-00C04F79EFBC}") = "Перевірочна робота", "Перевірочна робота\Перевірочна робота.csproj", "{AC7441E1-934F-4423-B87F-6EB65B19A9CA}"
EndProject
Project("{FAE04EC0-301F-11D3-BF4B-00C04F79EFBC}") = "Графіки Перевірка", "Графіки Перевірка\Графіки Перевірка.csproj", "{42EC66DC-3DED-43E8-8F16-C87030A45DDB}"
EndProject
Global
	GlobalSection(SolutionConfigurationPlatforms) = preSolution
		Debug|Any CPU = Debug|Any CPU
		Release|Any CPU = Release|Any CPU
	EndGlobalSection
	GlobalSection(ProjectConfigurationPlatforms) = postSolution
		{AC7441E1-934F-4423-B87F-6EB65B19A9CA}.Debug|Any CPU.ActiveCfg = Debug|Any CPU
		{AC7441E1-934F-4423-B87F-6EB65B19A9CA}.Debug|Any CPU.Build.0 = Debug|Any CPU
		{AC7441E1-934F-4423-B87F-6EB65B19A9CA}.Release|Any CPU.ActiveCfg = Release|Any CPU
		{AC7441E1-934F-4423-B87F-6EB65B19A9CA}.Release|Any CPU.Build.0 = Release|Any CPU
		{42EC66DC-3DED-43E8-8F16-C87030A45DDB}.Debug|Any CPU.ActiveCfg = Debug|Any CPU
		{42EC66DC-3DED-43E8-8F16-C87030A45DDB}.Debug|Any CPU.Build.0 = Debug|Any CPU
		{42EC66DC-3DED-43E8-8F16-C87030A45DDB}.Release|Any CPU.ActiveCfg = Release|Any CPU
		{42EC66DC-3DED-43E8-8F16-C87030A45DDB}.Release|Any CPU.Build.0 = Release|Any CPU
	EndGlobalSection
	GlobalSection(SolutionProperties) = preSolution
		HideSolutionNode = FALSE
	EndGlobalSection
	GlobalSection(ExtensibilityGlobals) = postSolution
		SolutionGuid = {C03FAD08-DD04-4625-B68C-8E49BC77FB2F}
	EndGlobalSection
EndGlobal
