
Microsoft Visual Studio Solution File, Format Version 12.00
# Visual Studio Version 16
VisualStudioVersion = 16.0.31005.135
MinimumVisualStudioVersion = 10.0.40219.1
Project("{FAE04EC0-301F-11D3-BF4B-00C04F79EFBC}") = "Проба2", "Проба2.csproj", "{7163D5B5-38B7-4EA7-AF12-D789136482AF}"
EndProject
Global
	GlobalSection(SolutionConfigurationPlatforms) = preSolution
		Debug|Any CPU = Debug|Any CPU
		Release|Any CPU = Release|Any CPU
	EndGlobalSection
	GlobalSection(ProjectConfigurationPlatforms) = postSolution
		{7163D5B5-38B7-4EA7-AF12-D789136482AF}.Debug|Any CPU.ActiveCfg = Debug|Any CPU
		{7163D5B5-38B7-4EA7-AF12-D789136482AF}.Debug|Any CPU.Build.0 = Debug|Any CPU
		{7163D5B5-38B7-4EA7-AF12-D789136482AF}.Release|Any CPU.ActiveCfg = Release|Any CPU
		{7163D5B5-38B7-4EA7-AF12-D789136482AF}.Release|Any CPU.Build.0 = Release|Any CPU
	EndGlobalSection
	GlobalSection(SolutionProperties) = preSolution
		HideSolutionNode = FALSE
	EndGlobalSection
	GlobalSection(ExtensibilityGlobals) = postSolution
		SolutionGuid = {B7BCD62E-54DB-49F9-AF9D-ACF3BDD43B1E}
	EndGlobalSection
EndGlobal
