
Microsoft Visual Studio Solution File, Format Version 12.00
# Visual Studio Version 16
VisualStudioVersion = 16.0.31129.286
MinimumVisualStudioVersion = 10.0.40219.1
Project("{FAE04EC0-301F-11D3-BF4B-00C04F79EFBC}") = "Inp Text", "Inp Text\Inp Text.csproj", "{6C6881EA-3171-40C2-B547-7F083E63C04B}"
EndProject
Global
	GlobalSection(SolutionConfigurationPlatforms) = preSolution
		Debug|Any CPU = Debug|Any CPU
		Release|Any CPU = Release|Any CPU
	EndGlobalSection
	GlobalSection(ProjectConfigurationPlatforms) = postSolution
		{6C6881EA-3171-40C2-B547-7F083E63C04B}.Debug|Any CPU.ActiveCfg = Debug|Any CPU
		{6C6881EA-3171-40C2-B547-7F083E63C04B}.Debug|Any CPU.Build.0 = Debug|Any CPU
		{6C6881EA-3171-40C2-B547-7F083E63C04B}.Release|Any CPU.ActiveCfg = Release|Any CPU
		{6C6881EA-3171-40C2-B547-7F083E63C04B}.Release|Any CPU.Build.0 = Release|Any CPU
	EndGlobalSection
	GlobalSection(SolutionProperties) = preSolution
		HideSolutionNode = FALSE
	EndGlobalSection
	GlobalSection(ExtensibilityGlobals) = postSolution
		SolutionGuid = {26DA7B09-E302-4152-A7E0-A9C854806537}
	EndGlobalSection
EndGlobal
