
Microsoft Visual Studio Solution File, Format Version 12.00
# Visual Studio Version 16
VisualStudioVersion = 16.0.31005.135
MinimumVisualStudioVersion = 10.0.40219.1
Project("{FAE04EC0-301F-11D3-BF4B-00C04F79EFBC}") = "Проба", "Проба.csproj", "{16CB6FC8-C3D2-4660-90A8-4062A3BD256B}"
EndProject
Global
	GlobalSection(SolutionConfigurationPlatforms) = preSolution
		Debug|Any CPU = Debug|Any CPU
		Release|Any CPU = Release|Any CPU
	EndGlobalSection
	GlobalSection(ProjectConfigurationPlatforms) = postSolution
		{16CB6FC8-C3D2-4660-90A8-4062A3BD256B}.Debug|Any CPU.ActiveCfg = Debug|Any CPU
		{16CB6FC8-C3D2-4660-90A8-4062A3BD256B}.Debug|Any CPU.Build.0 = Debug|Any CPU
		{16CB6FC8-C3D2-4660-90A8-4062A3BD256B}.Release|Any CPU.ActiveCfg = Release|Any CPU
		{16CB6FC8-C3D2-4660-90A8-4062A3BD256B}.Release|Any CPU.Build.0 = Release|Any CPU
	EndGlobalSection
	GlobalSection(SolutionProperties) = preSolution
		HideSolutionNode = FALSE
	EndGlobalSection
	GlobalSection(ExtensibilityGlobals) = postSolution
		SolutionGuid = {C87790C7-6554-44E9-A79A-DB7A8C4C0399}
	EndGlobalSection
EndGlobal
