
Microsoft Visual Studio Solution File, Format Version 12.00
# Visual Studio Version 16
VisualStudioVersion = 16.0.31005.135
MinimumVisualStudioVersion = 10.0.40219.1
Project("{FAE04EC0-301F-11D3-BF4B-00C04F79EFBC}") = "Завд.4 Вар.8", "Завд.4 Вар.8.csproj", "{6BB376C3-88FF-49EA-B635-01BE4DCA10A9}"
EndProject
Global
	GlobalSection(SolutionConfigurationPlatforms) = preSolution
		Debug|Any CPU = Debug|Any CPU
		Release|Any CPU = Release|Any CPU
	EndGlobalSection
	GlobalSection(ProjectConfigurationPlatforms) = postSolution
		{6BB376C3-88FF-49EA-B635-01BE4DCA10A9}.Debug|Any CPU.ActiveCfg = Debug|Any CPU
		{6BB376C3-88FF-49EA-B635-01BE4DCA10A9}.Debug|Any CPU.Build.0 = Debug|Any CPU
		{6BB376C3-88FF-49EA-B635-01BE4DCA10A9}.Release|Any CPU.ActiveCfg = Release|Any CPU
		{6BB376C3-88FF-49EA-B635-01BE4DCA10A9}.Release|Any CPU.Build.0 = Release|Any CPU
	EndGlobalSection
	GlobalSection(SolutionProperties) = preSolution
		HideSolutionNode = FALSE
	EndGlobalSection
	GlobalSection(ExtensibilityGlobals) = postSolution
		SolutionGuid = {AFC51749-EB0F-4403-AC55-416008A04BEC}
	EndGlobalSection
EndGlobal
